
Microsoft Visual Studio Solution File, Format Version 12.00
# Visual Studio 15
Project("{FAE04EC0-301F-11D3-BF4B-00C04F79EFBC}") = "VarsityPick.Android", "VarsityPick.Android\VarsityPick.Android.csproj", "{2ABD02C1-2DAA-448E-8698-E6E4B416E638}"
EndProject
Project("{FAE04EC0-301F-11D3-BF4B-00C04F79EFBC}") = "VarsityPick.iOS", "VarsityPick.iOS\VarsityPick.iOS.csproj", "{638D9D6C-BE29-40A4-A6B3-8DE96E0FD18A}"
EndProject
Project("{FAE04EC0-301F-11D3-BF4B-00C04F79EFBC}") = "VarsityPick", "VarsityPick\VarsityPick.csproj", "{D452C1D9-F583-4A68-9C06-6D60C7B10B14}"
EndProject
Global
	GlobalSection(SolutionConfigurationPlatforms) = preSolution
		Debug|Any CPU = Debug|Any CPU
		Release|Any CPU = Release|Any CPU
		Debug|iPhoneSimulator = Debug|iPhoneSimulator
		Release|iPhoneSimulator = Release|iPhoneSimulator
		Debug|iPhone = Debug|iPhone
		Release|iPhone = Release|iPhone
	EndGlobalSection
	GlobalSection(ProjectConfigurationPlatforms) = postSolution
		{2ABD02C1-2DAA-448E-8698-E6E4B416E638}.Debug|Any CPU.ActiveCfg = Debug|Any CPU
		{2ABD02C1-2DAA-448E-8698-E6E4B416E638}.Debug|Any CPU.Build.0 = Debug|Any CPU
		{2ABD02C1-2DAA-448E-8698-E6E4B416E638}.Release|Any CPU.ActiveCfg = Release|Any CPU
		{2ABD02C1-2DAA-448E-8698-E6E4B416E638}.Release|Any CPU.Build.0 = Release|Any CPU
		{2ABD02C1-2DAA-448E-8698-E6E4B416E638}.Debug|iPhoneSimulator.ActiveCfg = Debug|Any CPU
		{2ABD02C1-2DAA-448E-8698-E6E4B416E638}.Debug|iPhoneSimulator.Build.0 = Debug|Any CPU
		{2ABD02C1-2DAA-448E-8698-E6E4B416E638}.Release|iPhoneSimulator.ActiveCfg = Release|Any CPU
		{2ABD02C1-2DAA-448E-8698-E6E4B416E638}.Release|iPhoneSimulator.Build.0 = Release|Any CPU
		{2ABD02C1-2DAA-448E-8698-E6E4B416E638}.Debug|iPhone.ActiveCfg = Debug|Any CPU
		{2ABD02C1-2DAA-448E-8698-E6E4B416E638}.Debug|iPhone.Build.0 = Debug|Any CPU
		{2ABD02C1-2DAA-448E-8698-E6E4B416E638}.Release|iPhone.ActiveCfg = Release|Any CPU
		{2ABD02C1-2DAA-448E-8698-E6E4B416E638}.Release|iPhone.Build.0 = Release|Any CPU
		{638D9D6C-BE29-40A4-A6B3-8DE96E0FD18A}.Debug|Any CPU.ActiveCfg = Debug|iPhoneSimulator
		{638D9D6C-BE29-40A4-A6B3-8DE96E0FD18A}.Debug|Any CPU.Build.0 = Debug|iPhoneSimulator
		{638D9D6C-BE29-40A4-A6B3-8DE96E0FD18A}.Release|Any CPU.ActiveCfg = Release|iPhoneSimulator
		{638D9D6C-BE29-40A4-A6B3-8DE96E0FD18A}.Release|Any CPU.Build.0 = Release|iPhoneSimulator
		{638D9D6C-BE29-40A4-A6B3-8DE96E0FD18A}.Debug|iPhoneSimulator.ActiveCfg = Debug|iPhoneSimulator
		{638D9D6C-BE29-40A4-A6B3-8DE96E0FD18A}.Debug|iPhoneSimulator.Build.0 = Debug|iPhoneSimulator
		{638D9D6C-BE29-40A4-A6B3-8DE96E0FD18A}.Release|iPhoneSimulator.ActiveCfg = Release|iPhoneSimulator
		{638D9D6C-BE29-40A4-A6B3-8DE96E0FD18A}.Release|iPhoneSimulator.Build.0 = Release|iPhoneSimulator
		{638D9D6C-BE29-40A4-A6B3-8DE96E0FD18A}.Debug|iPhone.ActiveCfg = Debug|iPhone
		{638D9D6C-BE29-40A4-A6B3-8DE96E0FD18A}.Debug|iPhone.Build.0 = Debug|iPhone
		{638D9D6C-BE29-40A4-A6B3-8DE96E0FD18A}.Release|iPhone.ActiveCfg = Release|iPhone
		{638D9D6C-BE29-40A4-A6B3-8DE96E0FD18A}.Release|iPhone.Build.0 = Release|iPhone
		{D452C1D9-F583-4A68-9C06-6D60C7B10B14}.Debug|Any CPU.ActiveCfg = Debug|Any CPU
		{D452C1D9-F583-4A68-9C06-6D60C7B10B14}.Debug|Any CPU.Build.0 = Debug|Any CPU
		{D452C1D9-F583-4A68-9C06-6D60C7B10B14}.Release|Any CPU.ActiveCfg = Release|Any CPU
		{D452C1D9-F583-4A68-9C06-6D60C7B10B14}.Release|Any CPU.Build.0 = Release|Any CPU
		{D452C1D9-F583-4A68-9C06-6D60C7B10B14}.Debug|iPhoneSimulator.ActiveCfg = Debug|Any CPU
		{D452C1D9-F583-4A68-9C06-6D60C7B10B14}.Debug|iPhoneSimulator.Build.0 = Debug|Any CPU
		{D452C1D9-F583-4A68-9C06-6D60C7B10B14}.Release|iPhoneSimulator.ActiveCfg = Release|Any CPU
		{D452C1D9-F583-4A68-9C06-6D60C7B10B14}.Release|iPhoneSimulator.Build.0 = Release|Any CPU
		{D452C1D9-F583-4A68-9C06-6D60C7B10B14}.Debug|iPhone.ActiveCfg = Debug|Any CPU
		{D452C1D9-F583-4A68-9C06-6D60C7B10B14}.Debug|iPhone.Build.0 = Debug|Any CPU
		{D452C1D9-F583-4A68-9C06-6D60C7B10B14}.Release|iPhone.ActiveCfg = Release|Any CPU
		{D452C1D9-F583-4A68-9C06-6D60C7B10B14}.Release|iPhone.Build.0 = Release|Any CPU
	EndGlobalSection
EndGlobal
